
Microsoft Visual Studio Solution File, Format Version 12.00
# Visual Studio 14
VisualStudioVersion = 14.0.24720.0
MinimumVisualStudioVersion = 10.0.40219.1
Project("{FAE04EC0-301F-11D3-BF4B-00C04F79EFBC}") = "Project.Services", "Project.Services\Project.Services.csproj", "{CF4B9E47-2791-4FFC-995B-6EFDFD1972A6}"
EndProject
Project("{FAE04EC0-301F-11D3-BF4B-00C04F79EFBC}") = "MCV", "MCV\MCV.csproj", "{D7E5F91E-B2F7-4177-BF34-C1DAA06CAB1D}"
EndProject
Global
	GlobalSection(SolutionConfigurationPlatforms) = preSolution
		Debug|Any CPU = Debug|Any CPU
		Release|Any CPU = Release|Any CPU
	EndGlobalSection
	GlobalSection(ProjectConfigurationPlatforms) = postSolution
		{CF4B9E47-2791-4FFC-995B-6EFDFD1972A6}.Debug|Any CPU.ActiveCfg = Debug|Any CPU
		{CF4B9E47-2791-4FFC-995B-6EFDFD1972A6}.Debug|Any CPU.Build.0 = Debug|Any CPU
		{CF4B9E47-2791-4FFC-995B-6EFDFD1972A6}.Release|Any CPU.ActiveCfg = Release|Any CPU
		{CF4B9E47-2791-4FFC-995B-6EFDFD1972A6}.Release|Any CPU.Build.0 = Release|Any CPU
		{D7E5F91E-B2F7-4177-BF34-C1DAA06CAB1D}.Debug|Any CPU.ActiveCfg = Debug|Any CPU
		{D7E5F91E-B2F7-4177-BF34-C1DAA06CAB1D}.Debug|Any CPU.Build.0 = Debug|Any CPU
		{D7E5F91E-B2F7-4177-BF34-C1DAA06CAB1D}.Release|Any CPU.ActiveCfg = Release|Any CPU
		{D7E5F91E-B2F7-4177-BF34-C1DAA06CAB1D}.Release|Any CPU.Build.0 = Release|Any CPU
	EndGlobalSection
	GlobalSection(SolutionProperties) = preSolution
		HideSolutionNode = FALSE
	EndGlobalSection
EndGlobal
